
Microsoft Visual Studio Solution File, Format Version 12.00
# Visual Studio 15
VisualStudioVersion = 15.0.27130.2027
MinimumVisualStudioVersion = 10.0.40219.1
Project("{FAE04EC0-301F-11D3-BF4B-00C04F79EFBC}") = "JerkyTool", "JerkyTool\JerkyTool.csproj", "{C11C834B-B284-42D2-A5B2-359D129BDCAD}"
EndProject
Global
	GlobalSection(SolutionConfigurationPlatforms) = preSolution
		Debug|Any CPU = Debug|Any CPU
		Release|Any CPU = Release|Any CPU
	EndGlobalSection
	GlobalSection(ProjectConfigurationPlatforms) = postSolution
		{C11C834B-B284-42D2-A5B2-359D129BDCAD}.Debug|Any CPU.ActiveCfg = Debug|Any CPU
		{C11C834B-B284-42D2-A5B2-359D129BDCAD}.Debug|Any CPU.Build.0 = Debug|Any CPU
		{C11C834B-B284-42D2-A5B2-359D129BDCAD}.Release|Any CPU.ActiveCfg = Release|Any CPU
		{C11C834B-B284-42D2-A5B2-359D129BDCAD}.Release|Any CPU.Build.0 = Release|Any CPU
	EndGlobalSection
	GlobalSection(SolutionProperties) = preSolution
		HideSolutionNode = FALSE
	EndGlobalSection
	GlobalSection(ExtensibilityGlobals) = postSolution
		SolutionGuid = {50FC17C8-436A-4290-9114-66932739C677}
	EndGlobalSection
EndGlobal
